
Microsoft Visual Studio Solution File, Format Version 12.00
# Visual Studio Version 17
VisualStudioVersion = 17.1.32210.238
MinimumVisualStudioVersion = 10.0.40219.1
Project("{9A19103F-16F7-4668-BE54-9A1E7A4F7556}") = "MoneyTrackr.Web", "MoneyTrackr.Web\MoneyTrackr.Web.csproj", "{AC46B065-746F-4450-AC7F-88D3358F9323}"
EndProject
Project("{FAE04EC0-301F-11D3-BF4B-00C04F79EFBC}") = "MoneyTrackr.Api", "MoneyTrackr.Api\MoneyTrackr.Api.csproj", "{D5138683-037A-4445-9542-E93D3375D0BF}"
EndProject
Global
	GlobalSection(SolutionConfigurationPlatforms) = preSolution
		Debug|Any CPU = Debug|Any CPU
		Release|Any CPU = Release|Any CPU
	EndGlobalSection
	GlobalSection(ProjectConfigurationPlatforms) = postSolution
		{AC46B065-746F-4450-AC7F-88D3358F9323}.Debug|Any CPU.ActiveCfg = Debug|Any CPU
		{AC46B065-746F-4450-AC7F-88D3358F9323}.Debug|Any CPU.Build.0 = Debug|Any CPU
		{AC46B065-746F-4450-AC7F-88D3358F9323}.Release|Any CPU.ActiveCfg = Release|Any CPU
		{AC46B065-746F-4450-AC7F-88D3358F9323}.Release|Any CPU.Build.0 = Release|Any CPU
		{D5138683-037A-4445-9542-E93D3375D0BF}.Debug|Any CPU.ActiveCfg = Debug|Any CPU
		{D5138683-037A-4445-9542-E93D3375D0BF}.Debug|Any CPU.Build.0 = Debug|Any CPU
		{D5138683-037A-4445-9542-E93D3375D0BF}.Release|Any CPU.ActiveCfg = Release|Any CPU
		{D5138683-037A-4445-9542-E93D3375D0BF}.Release|Any CPU.Build.0 = Release|Any CPU
	EndGlobalSection
	GlobalSection(SolutionProperties) = preSolution
		HideSolutionNode = FALSE
	EndGlobalSection
	GlobalSection(ExtensibilityGlobals) = postSolution
		SolutionGuid = {EE0D019A-82F4-4C15-BF92-C96183F37EE7}
	EndGlobalSection
EndGlobal
